
Microsoft Visual Studio Solution File, Format Version 12.00
# Visual Studio Version 17
VisualStudioVersion = 17.5.002.0
MinimumVisualStudioVersion = 10.0.40219.1
Project("{9A19103F-16F7-4668-BE54-9A1E7A4F7556}") = "Storage", "Storage.csproj", "{DE835286-B3A6-45FA-BF58-48A70289560E}"
EndProject
Global
	GlobalSection(SolutionConfigurationPlatforms) = preSolution
		Debug|Any CPU = Debug|Any CPU
		Release|Any CPU = Release|Any CPU
	EndGlobalSection
	GlobalSection(ProjectConfigurationPlatforms) = postSolution
		{DE835286-B3A6-45FA-BF58-48A70289560E}.Debug|Any CPU.ActiveCfg = Debug|Any CPU
		{DE835286-B3A6-45FA-BF58-48A70289560E}.Debug|Any CPU.Build.0 = Debug|Any CPU
		{DE835286-B3A6-45FA-BF58-48A70289560E}.Release|Any CPU.ActiveCfg = Release|Any CPU
		{DE835286-B3A6-45FA-BF58-48A70289560E}.Release|Any CPU.Build.0 = Release|Any CPU
	EndGlobalSection
	GlobalSection(SolutionProperties) = preSolution
		HideSolutionNode = FALSE
	EndGlobalSection
	GlobalSection(ExtensibilityGlobals) = postSolution
		SolutionGuid = {7903490F-FEB6-4B7C-9BEE-F1F66E0F1115}
	EndGlobalSection
EndGlobal
